PODS:
  - Flutter (1.0.0)
  - flutter_microsoft_authentication (0.0.3):
    - Flutter
    - MSAL
  - MSAL (1.1.15):
    - MSAL/app-lib (= 1.1.15)
  - MSAL/app-lib (1.1.15)

DEPENDENCIES:
  - Flutter (from `.symlinks/flutter/ios`)
  - flutter_microsoft_authentication (from `.symlinks/plugins/flutter_microsoft_authentication/ios`)

SPEC REPOS:
  trunk:
    - MSAL

EXTERNAL SOURCES:
  Flutter:
    :path: ".symlinks/flutter/ios"
  flutter_microsoft_authentication:
    :path: ".symlinks/plugins/flutter_microsoft_authentication/ios"

SPEC CHECKSUMS:
  Flutter: 0e3d915762c693b495b44d77113d4970485de6ec
  flutter_microsoft_authentication: 2eb700f571a4d42e37f14a588e86f5fd1684a861
  MSAL: 9b1f07e342ebe825ebe7ba77b5fdf2c46aa7ecff

PODFILE CHECKSUM: 2c78efac486a5a4c55cbdb75659105e9a24d1328

COCOAPODS: 1.10.1
