PODS:
  - Flutter (1.0.0)
  - flutter_microsoft_authentication (0.0.3):
    - Flutter
    - MSAL
  - MSAL (1.1.16):
    - MSAL/app-lib (= 1.1.16)
  - MSAL/app-lib (1.1.16)

DEPENDENCIES:
  - Flutter (from `Flutter`)
  - flutter_microsoft_authentication (from `.symlinks/plugins/flutter_microsoft_authentication/ios`)

SPEC REPOS:
  trunk:
    - MSAL

EXTERNAL SOURCES:
  Flutter:
    :path: Flutter
  flutter_microsoft_authentication:
    :path: ".symlinks/plugins/flutter_microsoft_authentication/ios"

SPEC CHECKSUMS:
  Flutter: 434fef37c0980e73bb6479ef766c45957d4b510c
  flutter_microsoft_authentication: 2eb700f571a4d42e37f14a588e86f5fd1684a861
  MSAL: eabeb98e10cb4db46ad58cc73f4aa4584ec700f4

PODFILE CHECKSUM: aafe91acc616949ddb318b77800a7f51bffa2a4c

COCOAPODS: 1.10.1
